// !$*UTF8*$!
{
	archiveVersion = 1;
	classes = {
	};
	objectVersion = 50;
	objects = {

/* Begin PBXBuildFile section */
		B83FDD2726A578CB003A8FD0 /* AppDelegate.swift in Sources */ = {isa = PBXBuildFile; fileRef = B83FDD2626A578CB003A8FD0 /* AppDelegate.swift */; };
		B83FDD2926A578CB003A8FD0 /* SceneDelegate.swift in Sources */ = {isa = PBXBuildFile; fileRef = B83FDD2826A578CB003A8FD0 /* SceneDelegate.swift */; };
		B83FDD2B26A578CB003A8FD0 /* ViewController.swift in Sources */ = {isa = PBXBuildFile; fileRef = B83FDD2A26A578CB003A8FD0 /* ViewController.swift */; };
		B83FDD2E26A578CB003A8FD0 /* Main.storyboard in Resources */ = {isa = PBXBuildFile; fileRef = B83FDD2C26A578CB003A8FD0 /* Main.storyboard */; };
		B83FDD3026A578CD003A8FD0 /* Assets.xcassets in Resources */ = {isa = PBXBuildFile; fileRef = B83FDD2F26A578CD003A8FD0 /* Assets.xcassets */; };
		B83FDD3326A578CD003A8FD0 /* LaunchScreen.storyboard in Resources */ = {isa = PBXBuildFile; fileRef = B83FDD3126A578CD003A8FD0 /* LaunchScreen.storyboard */; };
		B83FDD3C26A57A46003A8FD0 /* Render.swift in Sources */ = {isa = PBXBuildFile; fileRef = B83FDD3B26A57A46003A8FD0 /* Render.swift */; };
		B83FDD4426A58B08003A8FD0 /* Image4.jpg in Resources */ = {isa = PBXBuildFile; fileRef = B83FDD3E26A58B08003A8FD0 /* Image4.jpg */; };
		B83FDD4526A58B08003A8FD0 /* Image5.jpg in Resources */ = {isa = PBXBuildFile; fileRef = B83FDD3F26A58B08003A8FD0 /* Image5.jpg */; };
		B83FDD4626A58B08003A8FD0 /* Image1.jpg in Resources */ = {isa = PBXBuildFile; fileRef = B83FDD4026A58B08003A8FD0 /* Image1.jpg */; };
		B83FDD4726A58B08003A8FD0 /* Image0.jpg in Resources */ = {isa = PBXBuildFile; fileRef = B83FDD4126A58B08003A8FD0 /* Image0.jpg */; };
		B83FDD4826A58B08003A8FD0 /* Image2.jpg in Resources */ = {isa = PBXBuildFile; fileRef = B83FDD4226A58B08003A8FD0 /* Image2.jpg */; };
		B83FDD4926A58B08003A8FD0 /* Image3.jpg in Resources */ = {isa = PBXBuildFile; fileRef = B83FDD4326A58B08003A8FD0 /* Image3.jpg */; };
		B83FDD4B26A58C5E003A8FD0 /* downsample.metal in Sources */ = {isa = PBXBuildFile; fileRef = B83FDD4A26A58C5E003A8FD0 /* downsample.metal */; };
		B875DF8126AE8F9B000BE3F7 /* kloppenheim_06.png in Resources */ = {isa = PBXBuildFile; fileRef = B875DF8026AE8F9B000BE3F7 /* kloppenheim_06.png */; };
		B87B159526B3BE6500F72399 /* MemoryUtility.swift in Sources */ = {isa = PBXBuildFile; fileRef = B87B159426B3AAB000F72399 /* MemoryUtility.swift */; };
		B87B159826B3E8AB00F72399 /* AAPLUtility.mm in Sources */ = {isa = PBXBuildFile; fileRef = B87B159626B3E8AB00F72399 /* AAPLUtility.mm */; };
		B87B159B26B3E8CA00F72399 /* AAPLMathUtilities.m in Sources */ = {isa = PBXBuildFile; fileRef = B87B159A26B3E8CA00F72399 /* AAPLMathUtilities.m */; };
		B87B159F26B3EAF600F72399 /* CTMFloat3.swift in Sources */ = {isa = PBXBuildFile; fileRef = B87B159E26B3EAF600F72399 /* CTMFloat3.swift */; };
		B882D06426A912C800DEBEAC /* Conversion.swift in Sources */ = {isa = PBXBuildFile; fileRef = B882D06326A912C800DEBEAC /* Conversion.swift */; };
/* End PBXBuildFile section */

/* Begin PBXFileReference section */
		B83FDD2326A578CB003A8FD0 /* MetalDemo.app */ = {isa = PBXFileReference; explicitFileType = wrapper.application; includeInIndex = 0; path = MetalDemo.app; sourceTree = BUILT_PRODUCTS_DIR; };
		B83FDD2626A578CB003A8FD0 /* AppDelegate.swift */ = {isa = PBXFileReference; lastKnownFileType = sourcecode.swift; path = AppDelegate.swift; sourceTree = "<group>"; };
		B83FDD2826A578CB003A8FD0 /* SceneDelegate.swift */ = {isa = PBXFileReference; lastKnownFileType = sourcecode.swift; path = SceneDelegate.swift; sourceTree = "<group>"; };
		B83FDD2A26A578CB003A8FD0 /* ViewController.swift */ = {isa = PBXFileReference; lastKnownFileType = sourcecode.swift; path = ViewController.swift; sourceTree = "<group>"; };
		B83FDD2D26A578CB003A8FD0 /* Base */ = {isa = PBXFileReference; lastKnownFileType = file.storyboard; name = Base; path = Base.lproj/Main.storyboard; sourceTree = "<group>"; };
		B83FDD2F26A578CD003A8FD0 /* Assets.xcassets */ = {isa = PBXFileReference; lastKnownFileType = folder.assetcatalog; path = Assets.xcassets; sourceTree = "<group>"; };
		B83FDD3226A578CD003A8FD0 /* Base */ = {isa = PBXFileReference; lastKnownFileType = file.storyboard; name = Base; path = Base.lproj/LaunchScreen.storyboard; sourceTree = "<group>"; };
		B83FDD3426A578CD003A8FD0 /* Info.plist */ = {isa = PBXFileReference; lastKnownFileType = text.plist.xml; path = Info.plist; sourceTree = "<group>"; };
		B83FDD3B26A57A46003A8FD0 /* Render.swift */ = {isa = PBXFileReference; lastKnownFileType = sourcecode.swift; path = Render.swift; sourceTree = "<group>"; };
		B83FDD3E26A58B08003A8FD0 /* Image4.jpg */ = {isa = PBXFileReference; lastKnownFileType = image.jpeg; path = Image4.jpg; sourceTree = "<group>"; };
		B83FDD3F26A58B08003A8FD0 /* Image5.jpg */ = {isa = PBXFileReference; lastKnownFileType = image.jpeg; path = Image5.jpg; sourceTree = "<group>"; };
		B83FDD4026A58B08003A8FD0 /* Image1.jpg */ = {isa = PBXFileReference; lastKnownFileType = image.jpeg; path = Image1.jpg; sourceTree = "<group>"; };
		B83FDD4126A58B08003A8FD0 /* Image0.jpg */ = {isa = PBXFileReference; lastKnownFileType = image.jpeg; path = Image0.jpg; sourceTree = "<group>"; };
		B83FDD4226A58B08003A8FD0 /* Image2.jpg */ = {isa = PBXFileReference; lastKnownFileType = image.jpeg; path = Image2.jpg; sourceTree = "<group>"; };
		B83FDD4326A58B08003A8FD0 /* Image3.jpg */ = {isa = PBXFileReference; lastKnownFileType = image.jpeg; path = Image3.jpg; sourceTree = "<group>"; };
		B83FDD4A26A58C5E003A8FD0 /* downsample.metal */ = {isa = PBXFileReference; lastKnownFileType = sourcecode.metal; path = downsample.metal; sourceTree = "<group>"; };
		B83FDD4F26A66F66003A8FD0 /* ShaderTypes.h */ = {isa = PBXFileReference; lastKnownFileType = sourcecode.c.h; path = ShaderTypes.h; sourceTree = "<group>"; };
		B875DF8026AE8F9B000BE3F7 /* kloppenheim_06.png */ = {isa = PBXFileReference; lastKnownFileType = image.png; path = kloppenheim_06.png; sourceTree = "<group>"; };
		B87B159426B3AAB000F72399 /* MemoryUtility.swift */ = {isa = PBXFileReference; lastKnownFileType = sourcecode.swift; path = MemoryUtility.swift; sourceTree = "<group>"; };
		B87B159626B3E8AB00F72399 /* AAPLUtility.mm */ = {isa = PBXFileReference; fileEncoding = 4; lastKnownFileType = sourcecode.cpp.objcpp; path = AAPLUtility.mm; sourceTree = "<group>"; };
		B87B159726B3E8AB00F72399 /* AAPLUtility.hpp */ = {isa = PBXFileReference; fileEncoding = 4; lastKnownFileType = sourcecode.cpp.h; path = AAPLUtility.hpp; sourceTree = "<group>"; };
		B87B159926B3E8C900F72399 /* AAPLMathUtilities.h */ = {isa = PBXFileReference; fileEncoding = 4; lastKnownFileType = sourcecode.c.h; path = AAPLMathUtilities.h; sourceTree = "<group>"; };
		B87B159A26B3E8CA00F72399 /* AAPLMathUtilities.m */ = {isa = PBXFileReference; fileEncoding = 4; lastKnownFileType = sourcecode.c.objc; path = AAPLMathUtilities.m; sourceTree = "<group>"; };
		B87B159C26B3E8DF00F72399 /* AAPLShaderTypes.h */ = {isa = PBXFileReference; lastKnownFileType = sourcecode.c.h; path = AAPLShaderTypes.h; sourceTree = "<group>"; };
		B87B159D26B3E8EC00F72399 /* UIOptionEnums.h */ = {isa = PBXFileReference; lastKnownFileType = sourcecode.c.h; path = UIOptionEnums.h; sourceTree = "<group>"; };
		B87B159E26B3EAF600F72399 /* CTMFloat3.swift */ = {isa = PBXFileReference; lastKnownFileType = sourcecode.swift; path = CTMFloat3.swift; sourceTree = "<group>"; };
		B882D01D26A6B7BB00DEBEAC /* MetalDemo-Bridging-Header.h */ = {isa = PBXFileReference; lastKnownFileType = sourcecode.c.h; path = "MetalDemo-Bridging-Header.h"; sourceTree = "<group>"; };
		B882D06326A912C800DEBEAC /* Conversion.swift */ = {isa = PBXFileReference; lastKnownFileType = sourcecode.swift; path = Conversion.swift; sourceTree = "<group>"; };
		B882D06526A930CB00DEBEAC /* README.md */ = {isa = PBXFileReference; lastKnownFileType = net.daringfireball.markdown; path = README.md; sourceTree = "<group>"; };
/* End PBXFileReference section */

/* Begin PBXFrameworksBuildPhase section */
		B83FDD2026A578CB003A8FD0 /* Frameworks */ = {
			isa = PBXFrameworksBuildPhase;
			buildActionMask = 2147483647;
			files = (
			);
			runOnlyForDeploymentPostprocessing = 0;
		};
/* End PBXFrameworksBuildPhase section */

/* Begin PBXGroup section */
		B83FDD1A26A578CB003A8FD0 = {
			isa = PBXGroup;
			children = (
				B83FDD3A26A578EC003A8FD0 /* Metal */,
				B83FDD2526A578CB003A8FD0 /* MetalDemo */,
				B83FDD2426A578CB003A8FD0 /* Products */,
			);
			sourceTree = "<group>";
		};
		B83FDD2426A578CB003A8FD0 /* Products */ = {
			isa = PBXGroup;
			children = (
				B83FDD2326A578CB003A8FD0 /* MetalDemo.app */,
			);
			name = Products;
			sourceTree = "<group>";
		};
		B83FDD2526A578CB003A8FD0 /* MetalDemo */ = {
			isa = PBXGroup;
			children = (
				B83FDD2626A578CB003A8FD0 /* AppDelegate.swift */,
				B83FDD2826A578CB003A8FD0 /* SceneDelegate.swift */,
				B83FDD2A26A578CB003A8FD0 /* ViewController.swift */,
				B83FDD2C26A578CB003A8FD0 /* Main.storyboard */,
				B83FDD2F26A578CD003A8FD0 /* Assets.xcassets */,
				B83FDD3126A578CD003A8FD0 /* LaunchScreen.storyboard */,
				B83FDD3426A578CD003A8FD0 /* Info.plist */,
			);
			path = MetalDemo;
			sourceTree = "<group>";
		};
		B83FDD3A26A578EC003A8FD0 /* Metal */ = {
			isa = PBXGroup;
			children = (
				B87B15A026B3EB0300F72399 /* Utility */,
				B83FDD4F26A66F66003A8FD0 /* ShaderTypes.h */,
				B83FDD3B26A57A46003A8FD0 /* Render.swift */,
				B83FDD4A26A58C5E003A8FD0 /* downsample.metal */,
				B882D06526A930CB00DEBEAC /* README.md */,
				B83FDD3D26A58B08003A8FD0 /* Images */,
				B882D01D26A6B7BB00DEBEAC /* MetalDemo-Bridging-Header.h */,
				B87B159C26B3E8DF00F72399 /* AAPLShaderTypes.h */,
				B87B159D26B3E8EC00F72399 /* UIOptionEnums.h */,
				B87B159726B3E8AB00F72399 /* AAPLUtility.hpp */,
				B87B159626B3E8AB00F72399 /* AAPLUtility.mm */,
				B87B159926B3E8C900F72399 /* AAPLMathUtilities.h */,
				B87B159A26B3E8CA00F72399 /* AAPLMathUtilities.m */,
			);
			path = Metal;
			sourceTree = "<group>";
		};
		B83FDD3D26A58B08003A8FD0 /* Images */ = {
			isa = PBXGroup;
			children = (
				B83FDD4126A58B08003A8FD0 /* Image0.jpg */,
				B83FDD4026A58B08003A8FD0 /* Image1.jpg */,
				B83FDD4226A58B08003A8FD0 /* Image2.jpg */,
				B83FDD4326A58B08003A8FD0 /* Image3.jpg */,
				B83FDD3E26A58B08003A8FD0 /* Image4.jpg */,
				B83FDD3F26A58B08003A8FD0 /* Image5.jpg */,
				B875DF8026AE8F9B000BE3F7 /* kloppenheim_06.png */,
			);
			path = Images;
			sourceTree = "<group>";
		};
		B87B15A026B3EB0300F72399 /* Utility */ = {
			isa = PBXGroup;
			children = (
				B882D06326A912C800DEBEAC /* Conversion.swift */,
				B87B159E26B3EAF600F72399 /* CTMFloat3.swift */,
				B87B159426B3AAB000F72399 /* MemoryUtility.swift */,
			);
			path = Utility;
			sourceTree = "<group>";
		};
/* End PBXGroup section */

/* Begin PBXNativeTarget section */
		B83FDD2226A578CB003A8FD0 /* MetalDemo */ = {
			isa = PBXNativeTarget;
			buildConfigurationList = B83FDD3726A578CD003A8FD0 /* Build configuration list for PBXNativeTarget "MetalDemo" */;
			buildPhases = (
				B83FDD1F26A578CB003A8FD0 /* Sources */,
				B83FDD2026A578CB003A8FD0 /* Frameworks */,
				B83FDD2126A578CB003A8FD0 /* Resources */,
			);
			buildRules = (
			);
			dependencies = (
			);
			name = MetalDemo;
			productName = MetalDemo;
			productReference = B83FDD2326A578CB003A8FD0 /* MetalDemo.app */;
			productType = "com.apple.product-type.application";
		};
/* End PBXNativeTarget section */

/* Begin PBXProject section */
		B83FDD1B26A578CB003A8FD0 /* Project object */ = {
			isa = PBXProject;
			attributes = {
				LastSwiftUpdateCheck = 1250;
				LastUpgradeCheck = 1250;
				TargetAttributes = {
					B83FDD2226A578CB003A8FD0 = {
						CreatedOnToolsVersion = 12.5;
						LastSwiftMigration = 1250;
					};
				};
			};
			buildConfigurationList = B83FDD1E26A578CB003A8FD0 /* Build configuration list for PBXProject "MetalDemo" */;
			compatibilityVersion = "Xcode 9.3";
			developmentRegion = en;
			hasScannedForEncodings = 0;
			knownRegions = (
				en,
				Base,
			);
			mainGroup = B83FDD1A26A578CB003A8FD0;
			productRefGroup = B83FDD2426A578CB003A8FD0 /* Products */;
			projectDirPath = "";
			projectRoot = "";
			targets = (
				B83FDD2226A578CB003A8FD0 /* MetalDemo */,
			);
		};
/* End PBXProject section */

/* Begin PBXResourcesBuildPhase section */
		B83FDD2126A578CB003A8FD0 /* Resources */ = {
			isa = PBXResourcesBuildPhase;
			buildActionMask = 2147483647;
			files = (
				B875DF8126AE8F9B000BE3F7 /* kloppenheim_06.png in Resources */,
				B83FDD4726A58B08003A8FD0 /* Image0.jpg in Resources */,
				B83FDD4626A58B08003A8FD0 /* Image1.jpg in Resources */,
				B83FDD4826A58B08003A8FD0 /* Image2.jpg in Resources */,
				B83FDD4926A58B08003A8FD0 /* Image3.jpg in Resources */,
				B83FDD4426A58B08003A8FD0 /* Image4.jpg in Resources */,
				B83FDD4526A58B08003A8FD0 /* Image5.jpg in Resources */,
				B83FDD3326A578CD003A8FD0 /* LaunchScreen.storyboard in Resources */,
				B83FDD3026A578CD003A8FD0 /* Assets.xcassets in Resources */,
				B83FDD2E26A578CB003A8FD0 /* Main.storyboard in Resources */,
			);
			runOnlyForDeploymentPostprocessing = 0;
		};
/* End PBXResourcesBuildPhase section */

/* Begin PBXSourcesBuildPhase section */
		B83FDD1F26A578CB003A8FD0 /* Sources */ = {
			isa = PBXSourcesBuildPhase;
			buildActionMask = 2147483647;
			files = (
				B87B159826B3E8AB00F72399 /* AAPLUtility.mm in Sources */,
				B87B159F26B3EAF600F72399 /* CTMFloat3.swift in Sources */,
				B87B159B26B3E8CA00F72399 /* AAPLMathUtilities.m in Sources */,
				B87B159526B3BE6500F72399 /* MemoryUtility.swift in Sources */,
				B83FDD2B26A578CB003A8FD0 /* ViewController.swift in Sources */,
				B882D06426A912C800DEBEAC /* Conversion.swift in Sources */,
				B83FDD2726A578CB003A8FD0 /* AppDelegate.swift in Sources */,
				B83FDD2926A578CB003A8FD0 /* SceneDelegate.swift in Sources */,
				B83FDD3C26A57A46003A8FD0 /* Render.swift in Sources */,
				B83FDD4B26A58C5E003A8FD0 /* downsample.metal in Sources */,
			);
			runOnlyForDeploymentPostprocessing = 0;
		};
/* End PBXSourcesBuildPhase section */

/* Begin PBXVariantGroup section */
		B83FDD2C26A578CB003A8FD0 /* Main.storyboard */ = {
			isa = PBXVariantGroup;
			children = (
				B83FDD2D26A578CB003A8FD0 /* Base */,
			);
			name = Main.storyboard;
			sourceTree = "<group>";
		};
		B83FDD3126A578CD003A8FD0 /* LaunchScreen.storyboard */ = {
			isa = PBXVariantGroup;
			children = (
				B83FDD3226A578CD003A8FD0 /* Base */,
			);
			name = LaunchScreen.storyboard;
			sourceTree = "<group>";
		};
/* End PBXVariantGroup section */

/* Begin XCBuildConfiguration section */
		B83FDD3526A578CD003A8FD0 /* Debug */ = {
			isa = XCBuildConfiguration;
			buildSettings = {
				ALWAYS_SEARCH_USER_PATHS = NO;
				CLANG_ANALYZER_NONNULL = YES;
				CLANG_ANALYZER_NUMBER_OBJECT_CONVERSION = YES_AGGRESSIVE;
				CLANG_CXX_LANGUAGE_STANDARD = "gnu++14";
				CLANG_CXX_LIBRARY = "libc++";
				CLANG_ENABLE_MODULES = YES;
				CLANG_ENABLE_OBJC_ARC = YES;
				CLANG_ENABLE_OBJC_WEAK = YES;
				CLANG_WARN_BLOCK_CAPTURE_AUTORELEASING = YES;
				CLANG_WARN_BOOL_CONVERSION = YES;
				CLANG_WARN_COMMA = YES;
				CLANG_WARN_CONSTANT_CONVERSION = YES;
				CLANG_WARN_DEPRECATED_OBJC_IMPLEMENTATIONS = YES;
				CLANG_WARN_DIRECT_OBJC_ISA_USAGE = YES_ERROR;
				CLANG_WARN_DOCUMENTATION_COMMENTS = YES;
				CLANG_WARN_EMPTY_BODY = YES;
				CLANG_WARN_ENUM_CONVERSION = YES;
				CLANG_WARN_INFINITE_RECURSION = YES;
				CLANG_WARN_INT_CONVERSION = YES;
				CLANG_WARN_NON_LITERAL_NULL_CONVERSION = YES;
				CLANG_WARN_OBJC_IMPLICIT_RETAIN_SELF = YES;
				CLANG_WARN_OBJC_LITERAL_CONVERSION = YES;
				CLANG_WARN_OBJC_ROOT_CLASS = YES_ERROR;
				CLANG_WARN_QUOTED_INCLUDE_IN_FRAMEWORK_HEADER = YES;
				CLANG_WARN_RANGE_LOOP_ANALYSIS = YES;
				CLANG_WARN_STRICT_PROTOTYPES = YES;
				CLANG_WARN_SUSPICIOUS_MOVE = YES;
				CLANG_WARN_UNGUARDED_AVAILABILITY = YES_AGGRESSIVE;
				CLANG_WARN_UNREACHABLE_CODE = YES;
				CLANG_WARN__DUPLICATE_METHOD_MATCH = YES;
				COPY_PHASE_STRIP = NO;
				DEBUG_INFORMATION_FORMAT = dwarf;
				ENABLE_STRICT_OBJC_MSGSEND = YES;
				ENABLE_TESTABILITY = YES;
				GCC_C_LANGUAGE_STANDARD = gnu11;
				GCC_DYNAMIC_NO_PIC = NO;
				GCC_NO_COMMON_BLOCKS = YES;
				GCC_OPTIMIZATION_LEVEL = 0;
				GCC_PREPROCESSOR_DEFINITIONS = (
					"DEBUG=1",
					"$(inherited)",
				);
				GCC_WARN_64_TO_32_BIT_CONVERSION = YES;
				GCC_WARN_ABOUT_RETURN_TYPE = YES_ERROR;
				GCC_WARN_UNDECLARED_SELECTOR = YES;
				GCC_WARN_UNINITIALIZED_AUTOS = YES_AGGRESSIVE;
				GCC_WARN_UNUSED_FUNCTION = YES;
				GCC_WARN_UNUSED_VARIABLE = YES;
				IPHONEOS_DEPLOYMENT_TARGET = 14.5;
				MTL_ENABLE_DEBUG_INFO = INCLUDE_SOURCE;
				MTL_FAST_MATH = YES;
				ONLY_ACTIVE_ARCH = YES;
				SDKROOT = iphoneos;
				SWIFT_ACTIVE_COMPILATION_CONDITIONS = DEBUG;
				SWIFT_OPTIMIZATION_LEVEL = "-Onone";
			};
			name = Debug;
		};
		B83FDD3626A578CD003A8FD0 /* Release */ = {
			isa = XCBuildConfiguration;
			buildSettings = {
				ALWAYS_SEARCH_USER_PATHS = NO;
				CLANG_ANALYZER_NONNULL = YES;
				CLANG_ANALYZER_NUMBER_OBJECT_CONVERSION = YES_AGGRESSIVE;
				CLANG_CXX_LANGUAGE_STANDARD = "gnu++14";
				CLANG_CXX_LIBRARY = "libc++";
				CLANG_ENABLE_MODULES = YES;
				CLANG_ENABLE_OBJC_ARC = YES;
				CLANG_ENABLE_OBJC_WEAK = YES;
				CLANG_WARN_BLOCK_CAPTURE_AUTORELEASING = YES;
				CLANG_WARN_BOOL_CONVERSION = YES;
				CLANG_WARN_COMMA = YES;
				CLANG_WARN_CONSTANT_CONVERSION = YES;
				CLANG_WARN_DEPRECATED_OBJC_IMPLEMENTATIONS = YES;
				CLANG_WARN_DIRECT_OBJC_ISA_USAGE = YES_ERROR;
				CLANG_WARN_DOCUMENTATION_COMMENTS = YES;
				CLANG_WARN_EMPTY_BODY = YES;
				CLANG_WARN_ENUM_CONVERSION = YES;
				CLANG_WARN_INFINITE_RECURSION = YES;
				CLANG_WARN_INT_CONVERSION = YES;
				CLANG_WARN_NON_LITERAL_NULL_CONVERSION = YES;
				CLANG_WARN_OBJC_IMPLICIT_RETAIN_SELF = YES;
				CLANG_WARN_OBJC_LITERAL_CONVERSION = YES;
				CLANG_WARN_OBJC_ROOT_CLASS = YES_ERROR;
				CLANG_WARN_QUOTED_INCLUDE_IN_FRAMEWORK_HEADER = YES;
				CLANG_WARN_RANGE_LOOP_ANALYSIS = YES;
				CLANG_WARN_STRICT_PROTOTYPES = YES;
				CLANG_WARN_SUSPICIOUS_MOVE = YES;
				CLANG_WARN_UNGUARDED_AVAILABILITY = YES_AGGRESSIVE;
				CLANG_WARN_UNREACHABLE_CODE = YES;
				CLANG_WARN__DUPLICATE_METHOD_MATCH = YES;
				COPY_PHASE_STRIP = NO;
				DEBUG_INFORMATION_FORMAT = "dwarf-with-dsym";
				ENABLE_NS_ASSERTIONS = NO;
				ENABLE_STRICT_OBJC_MSGSEND = YES;
				GCC_C_LANGUAGE_STANDARD = gnu11;
				GCC_NO_COMMON_BLOCKS = YES;
				GCC_WARN_64_TO_32_BIT_CONVERSION = YES;
				GCC_WARN_ABOUT_RETURN_TYPE = YES_ERROR;
				GCC_WARN_UNDECLARED_SELECTOR = YES;
				GCC_WARN_UNINITIALIZED_AUTOS = YES_AGGRESSIVE;
				GCC_WARN_UNUSED_FUNCTION = YES;
				GCC_WARN_UNUSED_VARIABLE = YES;
				IPHONEOS_DEPLOYMENT_TARGET = 14.5;
				MTL_ENABLE_DEBUG_INFO = NO;
				MTL_FAST_MATH = YES;
				SDKROOT = iphoneos;
				SWIFT_COMPILATION_MODE = wholemodule;
				SWIFT_OPTIMIZATION_LEVEL = "-O";
				VALIDATE_PRODUCT = YES;
			};
			name = Release;
		};
		B83FDD3826A578CD003A8FD0 /* Debug */ = {
			isa = XCBuildConfiguration;
			buildSettings = {
				ASSETCATALOG_COMPILER_APPICON_NAME = AppIcon;
				ASSETCATALOG_COMPILER_GLOBAL_ACCENT_COLOR_NAME = AccentColor;
				CLANG_ENABLE_MODULES = YES;
				CODE_SIGN_STYLE = Automatic;
				DEVELOPMENT_TEAM = MB8A8WEGM4;
				INFOPLIST_FILE = MetalDemo/Info.plist;
				IPHONEOS_DEPLOYMENT_TARGET = 13.0;
				LD_RUNPATH_SEARCH_PATHS = (
					"$(inherited)",
					"@executable_path/Frameworks",
				);
				PRODUCT_BUNDLE_IDENTIFIER = com.peng.MetalDemo;
				PRODUCT_NAME = "$(TARGET_NAME)";
				SWIFT_OBJC_BRIDGING_HEADER = "Metal/MetalDemo-Bridging-Header.h";
				SWIFT_OPTIMIZATION_LEVEL = "-O";
				SWIFT_VERSION = 5.0;
				TARGETED_DEVICE_FAMILY = "1,2";
			};
			name = Debug;
		};
		B83FDD3926A578CD003A8FD0 /* Release */ = {
			isa = XCBuildConfiguration;
			buildSettings = {
				ASSETCATALOG_COMPILER_APPICON_NAME = AppIcon;
				ASSETCATALOG_COMPILER_GLOBAL_ACCENT_COLOR_NAME = AccentColor;
				CLANG_ENABLE_MODULES = YES;
				CODE_SIGN_STYLE = Automatic;
				DEVELOPMENT_TEAM = MB8A8WEGM4;
				INFOPLIST_FILE = MetalDemo/Info.plist;
				IPHONEOS_DEPLOYMENT_TARGET = 13.0;
				LD_RUNPATH_SEARCH_PATHS = (
					"$(inherited)",
					"@executable_path/Frameworks",
				);
				PRODUCT_BUNDLE_IDENTIFIER = com.peng.MetalDemo;
				PRODUCT_NAME = "$(TARGET_NAME)";
				SWIFT_OBJC_BRIDGING_HEADER = "Metal/MetalDemo-Bridging-Header.h";
				SWIFT_OPTIMIZATION_LEVEL = "-O";
				SWIFT_VERSION = 5.0;
				TARGETED_DEVICE_FAMILY = "1,2";
			};
			name = Release;
		};
/* End XCBuildConfiguration section */

/* Begin XCConfigurationList section */
		B83FDD1E26A578CB003A8FD0 /* Build configuration list for PBXProject "MetalDemo" */ = {
			isa = XCConfigurationList;
			buildConfigurations = (
				B83FDD3526A578CD003A8FD0 /* Debug */,
				B83FDD3626A578CD003A8FD0 /* Release */,
			);
			defaultConfigurationIsVisible = 0;
			defaultConfigurationName = Release;
		};
		B83FDD3726A578CD003A8FD0 /* Build configuration list for PBXNativeTarget "MetalDemo" */ = {
			isa = XCConfigurationList;
			buildConfigurations = (
				B83FDD3826A578CD003A8FD0 /* Debug */,
				B83FDD3926A578CD003A8FD0 /* Release */,
			);
			defaultConfigurationIsVisible = 0;
			defaultConfigurationName = Release;
		};
/* End XCConfigurationList section */
	};
	rootObject = B83FDD1B26A578CB003A8FD0 /* Project object */;
}
